
Microsoft Visual Studio Solution File, Format Version 12.00
# Visual Studio 15
VisualStudioVersion = 15.0.27703.2035
MinimumVisualStudioVersion = 10.0.40219.1
Project("{FAE04EC0-301F-11D3-BF4B-00C04F79EFBC}") = "CallScheduleApp", "CallScheduleApp\CallScheduleApp.csproj", "{24F547E2-0B88-4DC1-9583-8648CEEF0452}"
EndProject
Global
	GlobalSection(SolutionConfigurationPlatforms) = preSolution
		Debug|Any CPU = Debug|Any CPU
		Release|Any CPU = Release|Any CPU
	EndGlobalSection
	GlobalSection(ProjectConfigurationPlatforms) = postSolution
		{24F547E2-0B88-4DC1-9583-8648CEEF0452}.Debug|Any CPU.ActiveCfg = Debug|Any CPU
		{24F547E2-0B88-4DC1-9583-8648CEEF0452}.Debug|Any CPU.Build.0 = Debug|Any CPU
		{24F547E2-0B88-4DC1-9583-8648CEEF0452}.Release|Any CPU.ActiveCfg = Release|Any CPU
		{24F547E2-0B88-4DC1-9583-8648CEEF0452}.Release|Any CPU.Build.0 = Release|Any CPU
	EndGlobalSection
	GlobalSection(SolutionProperties) = preSolution
		HideSolutionNode = FALSE
	EndGlobalSection
	GlobalSection(ExtensibilityGlobals) = postSolution
		SolutionGuid = {406899EE-F68E-4ABD-8801-BC897ED509B0}
	EndGlobalSection
EndGlobal
